
Microsoft Visual Studio Solution File, Format Version 12.00
# Visual Studio Version 17
VisualStudioVersion = 17.11.35327.3
MinimumVisualStudioVersion = 10.0.40219.1
Project("{8BC9CEB8-8B4A-11D0-8D11-00A0C91BC942}") = "HomeworkTask1", "HomeworkTask1.vcxproj", "{85C35782-6EA1-455F-8E9B-ABB60DE18099}"
EndProject
Global
	GlobalSection(SolutionConfigurationPlatforms) = preSolution
		Debug|x64 = Debug|x64
		Debug|x86 = Debug|x86
		Release|x64 = Release|x64
		Release|x86 = Release|x86
	EndGlobalSection
	GlobalSection(ProjectConfigurationPlatforms) = postSolution
		{85C35782-6EA1-455F-8E9B-ABB60DE18099}.Debug|x64.ActiveCfg = Debug|x64
		{85C35782-6EA1-455F-8E9B-ABB60DE18099}.Debug|x64.Build.0 = Debug|x64
		{85C35782-6EA1-455F-8E9B-ABB60DE18099}.Debug|x86.ActiveCfg = Debug|Win32
		{85C35782-6EA1-455F-8E9B-ABB60DE18099}.Debug|x86.Build.0 = Debug|Win32
		{85C35782-6EA1-455F-8E9B-ABB60DE18099}.Release|x64.ActiveCfg = Release|x64
		{85C35782-6EA1-455F-8E9B-ABB60DE18099}.Release|x64.Build.0 = Release|x64
		{85C35782-6EA1-455F-8E9B-ABB60DE18099}.Release|x86.ActiveCfg = Release|Win32
		{85C35782-6EA1-455F-8E9B-ABB60DE18099}.Release|x86.Build.0 = Release|Win32
	EndGlobalSection
	GlobalSection(SolutionProperties) = preSolution
		HideSolutionNode = FALSE
	EndGlobalSection
	GlobalSection(ExtensibilityGlobals) = postSolution
		SolutionGuid = {6B2306B4-8713-48BE-9646-C573290B1296}
	EndGlobalSection
EndGlobal
